// !$*UTF8*$!
{
	archiveVersion = 1;
	classes = {
	};
	objectVersion = 55;
	objects = {

/* Begin PBXBuildFile section */
		75E0371E2800132E001D4428 /* how_about_your_waterfallApp.swift in Sources */ = {isa = PBXBuildFile; fileRef = 75E0371D2800132E001D4428 /* how_about_your_waterfallApp.swift */; };
		75E037202800132E001D4428 /* ContentView.swift in Sources */ = {isa = PBXBuildFile; fileRef = 75E0371F2800132E001D4428 /* ContentView.swift */; };
		75E0372228001330001D4428 /* Assets.xcassets in Resources */ = {isa = PBXBuildFile; fileRef = 75E0372128001330001D4428 /* Assets.xcassets */; };
		75E0372528001330001D4428 /* Preview Assets.xcassets in Resources */ = {isa = PBXBuildFile; fileRef = 75E0372428001330001D4428 /* Preview Assets.xcassets */; };
		75E0373128001828001D4428 /* ChatView.swift in Sources */ = {isa = PBXBuildFile; fileRef = 75E0373028001828001D4428 /* ChatView.swift */; };
		75E03733280018CD001D4428 /* SettingView.swift in Sources */ = {isa = PBXBuildFile; fileRef = 75E03732280018CD001D4428 /* SettingView.swift */; };
		75E0373528001A4F001D4428 /* MenuTabView.swift in Sources */ = {isa = PBXBuildFile; fileRef = 75E0373428001A4F001D4428 /* MenuTabView.swift */; };
		75E0373728002105001D4428 /* ChatLogModel.swift in Sources */ = {isa = PBXBuildFile; fileRef = 75E0373628002105001D4428 /* ChatLogModel.swift */; };
		75E037392800222C001D4428 /* ChatViewModel.swift in Sources */ = {isa = PBXBuildFile; fileRef = 75E037382800222C001D4428 /* ChatViewModel.swift */; };
		75E0373B2805495A001D4428 /* ApiCallModel.swift in Sources */ = {isa = PBXBuildFile; fileRef = 75E0373A2805495A001D4428 /* ApiCallModel.swift */; };
		75E0373D28055E8F001D4428 /* ApiLoadVM.swift in Sources */ = {isa = PBXBuildFile; fileRef = 75E0373C28055E8F001D4428 /* ApiLoadVM.swift */; };
		75E140912806A2D50059E865 /* testVIew.swift in Sources */ = {isa = PBXBuildFile; fileRef = 75E140902806A2D50059E865 /* testVIew.swift */; };
/* End PBXBuildFile section */

/* Begin PBXFileReference section */
		75E0371A2800132E001D4428 /* how about your waterfall.app */ = {isa = PBXFileReference; explicitFileType = wrapper.application; includeInIndex = 0; path = "how about your waterfall.app"; sourceTree = BUILT_PRODUCTS_DIR; };
		75E0371D2800132E001D4428 /* how_about_your_waterfallApp.swift */ = {isa = PBXFileReference; lastKnownFileType = sourcecode.swift; path = how_about_your_waterfallApp.swift; sourceTree = "<group>"; };
		75E0371F2800132E001D4428 /* ContentView.swift */ = {isa = PBXFileReference; lastKnownFileType = sourcecode.swift; path = ContentView.swift; sourceTree = "<group>"; };
		75E0372128001330001D4428 /* Assets.xcassets */ = {isa = PBXFileReference; lastKnownFileType = folder.assetcatalog; path = Assets.xcassets; sourceTree = "<group>"; };
		75E0372428001330001D4428 /* Preview Assets.xcassets */ = {isa = PBXFileReference; lastKnownFileType = folder.assetcatalog; path = "Preview Assets.xcassets"; sourceTree = "<group>"; };
		75E0373028001828001D4428 /* ChatView.swift */ = {isa = PBXFileReference; lastKnownFileType = sourcecode.swift; path = ChatView.swift; sourceTree = "<group>"; };
		75E03732280018CD001D4428 /* SettingView.swift */ = {isa = PBXFileReference; lastKnownFileType = sourcecode.swift; path = SettingView.swift; sourceTree = "<group>"; };
		75E0373428001A4F001D4428 /* MenuTabView.swift */ = {isa = PBXFileReference; lastKnownFileType = sourcecode.swift; path = MenuTabView.swift; sourceTree = "<group>"; };
		75E0373628002105001D4428 /* ChatLogModel.swift */ = {isa = PBXFileReference; lastKnownFileType = sourcecode.swift; path = ChatLogModel.swift; sourceTree = "<group>"; };
		75E037382800222C001D4428 /* ChatViewModel.swift */ = {isa = PBXFileReference; lastKnownFileType = sourcecode.swift; path = ChatViewModel.swift; sourceTree = "<group>"; };
		75E0373A2805495A001D4428 /* ApiCallModel.swift */ = {isa = PBXFileReference; lastKnownFileType = sourcecode.swift; path = ApiCallModel.swift; sourceTree = "<group>"; };
		75E0373C28055E8F001D4428 /* ApiLoadVM.swift */ = {isa = PBXFileReference; lastKnownFileType = sourcecode.swift; path = ApiLoadVM.swift; sourceTree = "<group>"; };
		75E0373E28056546001D4428 /* how-about-your-waterfall-Info.plist */ = {isa = PBXFileReference; lastKnownFileType = text.plist; path = "how-about-your-waterfall-Info.plist"; sourceTree = SOURCE_ROOT; };
		75E140902806A2D50059E865 /* testVIew.swift */ = {isa = PBXFileReference; lastKnownFileType = sourcecode.swift; path = testVIew.swift; sourceTree = "<group>"; };
/* End PBXFileReference section */

/* Begin PBXFrameworksBuildPhase section */
		75E037172800132E001D4428 /* Frameworks */ = {
			isa = PBXFrameworksBuildPhase;
			buildActionMask = 2147483647;
			files = (
			);
			runOnlyForDeploymentPostprocessing = 0;
		};
/* End PBXFrameworksBuildPhase section */

/* Begin PBXGroup section */
		75E037112800132E001D4428 = {
			isa = PBXGroup;
			children = (
				75E0371C2800132E001D4428 /* how about your waterfall */,
				75E0371B2800132E001D4428 /* Products */,
			);
			sourceTree = "<group>";
		};
		75E0371B2800132E001D4428 /* Products */ = {
			isa = PBXGroup;
			children = (
				75E0371A2800132E001D4428 /* how about your waterfall.app */,
			);
			name = Products;
			sourceTree = "<group>";
		};
		75E0371C2800132E001D4428 /* how about your waterfall */ = {
			isa = PBXGroup;
			children = (
				75E0373E28056546001D4428 /* how-about-your-waterfall-Info.plist */,
				75E0371D2800132E001D4428 /* how_about_your_waterfallApp.swift */,
				75E0372C2800134E001D4428 /* Model */,
				75E0372D28001353001D4428 /* ViewModel */,
				75E0372B28001345001D4428 /* View */,
				75E0372128001330001D4428 /* Assets.xcassets */,
				75E0372328001330001D4428 /* Preview Content */,
			);
			path = "how about your waterfall";
			sourceTree = "<group>";
		};
		75E0372328001330001D4428 /* Preview Content */ = {
			isa = PBXGroup;
			children = (
				75E0372428001330001D4428 /* Preview Assets.xcassets */,
			);
			path = "Preview Content";
			sourceTree = "<group>";
		};
		75E0372B28001345001D4428 /* View */ = {
			isa = PBXGroup;
			children = (
				75E0371F2800132E001D4428 /* ContentView.swift */,
				75E0373028001828001D4428 /* ChatView.swift */,
				75E03732280018CD001D4428 /* SettingView.swift */,
				75E0373428001A4F001D4428 /* MenuTabView.swift */,
				75E140902806A2D50059E865 /* testVIew.swift */,
			);
			path = View;
			sourceTree = "<group>";
		};
		75E0372C2800134E001D4428 /* Model */ = {
			isa = PBXGroup;
			children = (
				75E0373628002105001D4428 /* ChatLogModel.swift */,
				75E0373A2805495A001D4428 /* ApiCallModel.swift */,
			);
			path = Model;
			sourceTree = "<group>";
		};
		75E0372D28001353001D4428 /* ViewModel */ = {
			isa = PBXGroup;
			children = (
				75E037382800222C001D4428 /* ChatViewModel.swift */,
				75E0373C28055E8F001D4428 /* ApiLoadVM.swift */,
			);
			path = ViewModel;
			sourceTree = "<group>";
		};
/* End PBXGroup section */

/* Begin PBXNativeTarget section */
		75E037192800132E001D4428 /* how about your waterfall */ = {
			isa = PBXNativeTarget;
			buildConfigurationList = 75E0372828001330001D4428 /* Build configuration list for PBXNativeTarget "how about your waterfall" */;
			buildPhases = (
				75E037162800132E001D4428 /* Sources */,
				75E037172800132E001D4428 /* Frameworks */,
				75E037182800132E001D4428 /* Resources */,
			);
			buildRules = (
			);
			dependencies = (
			);
			name = "how about your waterfall";
			productName = "how about your waterfall";
			productReference = 75E0371A2800132E001D4428 /* how about your waterfall.app */;
			productType = "com.apple.product-type.application";
		};
/* End PBXNativeTarget section */

/* Begin PBXProject section */
		75E037122800132E001D4428 /* Project object */ = {
			isa = PBXProject;
			attributes = {
				BuildIndependentTargetsInParallel = 1;
				LastSwiftUpdateCheck = 1330;
				LastUpgradeCheck = 1330;
				TargetAttributes = {
					75E037192800132E001D4428 = {
						CreatedOnToolsVersion = 13.3;
					};
				};
			};
			buildConfigurationList = 75E037152800132E001D4428 /* Build configuration list for PBXProject "how about your waterfall" */;
			compatibilityVersion = "Xcode 13.0";
			developmentRegion = en;
			hasScannedForEncodings = 0;
			knownRegions = (
				en,
				Base,
			);
			mainGroup = 75E037112800132E001D4428;
			productRefGroup = 75E0371B2800132E001D4428 /* Products */;
			projectDirPath = "";
			projectRoot = "";
			targets = (
				75E037192800132E001D4428 /* how about your waterfall */,
			);
		};
/* End PBXProject section */

/* Begin PBXResourcesBuildPhase section */
		75E037182800132E001D4428 /* Resources */ = {
			isa = PBXResourcesBuildPhase;
			buildActionMask = 2147483647;
			files = (
				75E0372528001330001D4428 /* Preview Assets.xcassets in Resources */,
				75E0372228001330001D4428 /* Assets.xcassets in Resources */,
			);
			runOnlyForDeploymentPostprocessing = 0;
		};
/* End PBXResourcesBuildPhase section */

/* Begin PBXSourcesBuildPhase section */
		75E037162800132E001D4428 /* Sources */ = {
			isa = PBXSourcesBuildPhase;
			buildActionMask = 2147483647;
			files = (
				75E0373728002105001D4428 /* ChatLogModel.swift in Sources */,
				75E0373128001828001D4428 /* ChatView.swift in Sources */,
				75E140912806A2D50059E865 /* testVIew.swift in Sources */,
				75E037392800222C001D4428 /* ChatViewModel.swift in Sources */,
				75E03733280018CD001D4428 /* SettingView.swift in Sources */,
				75E0373D28055E8F001D4428 /* ApiLoadVM.swift in Sources */,
				75E037202800132E001D4428 /* ContentView.swift in Sources */,
				75E0371E2800132E001D4428 /* how_about_your_waterfallApp.swift in Sources */,
				75E0373528001A4F001D4428 /* MenuTabView.swift in Sources */,
				75E0373B2805495A001D4428 /* ApiCallModel.swift in Sources */,
			);
			runOnlyForDeploymentPostprocessing = 0;
		};
/* End PBXSourcesBuildPhase section */

/* Begin XCBuildConfiguration section */
		75E0372628001330001D4428 /* Debug */ = {
			isa = XCBuildConfiguration;
			buildSettings = {
				ALWAYS_SEARCH_USER_PATHS = NO;
				CLANG_ANALYZER_NONNULL = YES;
				CLANG_ANALYZER_NUMBER_OBJECT_CONVERSION = YES_AGGRESSIVE;
				CLANG_CXX_LANGUAGE_STANDARD = "gnu++17";
				CLANG_ENABLE_MODULES = YES;
				CLANG_ENABLE_OBJC_ARC = YES;
				CLANG_ENABLE_OBJC_WEAK = YES;
				CLANG_WARN_BLOCK_CAPTURE_AUTORELEASING = YES;
				CLANG_WARN_BOOL_CONVERSION = YES;
				CLANG_WARN_COMMA = YES;
				CLANG_WARN_CONSTANT_CONVERSION = YES;
				CLANG_WARN_DEPRECATED_OBJC_IMPLEMENTATIONS = YES;
				CLANG_WARN_DIRECT_OBJC_ISA_USAGE = YES_ERROR;
				CLANG_WARN_DOCUMENTATION_COMMENTS = YES;
				CLANG_WARN_EMPTY_BODY = YES;
				CLANG_WARN_ENUM_CONVERSION = YES;
				CLANG_WARN_INFINITE_RECURSION = YES;
				CLANG_WARN_INT_CONVERSION = YES;
				CLANG_WARN_NON_LITERAL_NULL_CONVERSION = YES;
				CLANG_WARN_OBJC_IMPLICIT_RETAIN_SELF = YES;
				CLANG_WARN_OBJC_LITERAL_CONVERSION = YES;
				CLANG_WARN_OBJC_ROOT_CLASS = YES_ERROR;
				CLANG_WARN_QUOTED_INCLUDE_IN_FRAMEWORK_HEADER = YES;
				CLANG_WARN_RANGE_LOOP_ANALYSIS = YES;
				CLANG_WARN_STRICT_PROTOTYPES = YES;
				CLANG_WARN_SUSPICIOUS_MOVE = YES;
				CLANG_WARN_UNGUARDED_AVAILABILITY = YES_AGGRESSIVE;
				CLANG_WARN_UNREACHABLE_CODE = YES;
				CLANG_WARN__DUPLICATE_METHOD_MATCH = YES;
				COPY_PHASE_STRIP = NO;
				DEBUG_INFORMATION_FORMAT = dwarf;
				ENABLE_STRICT_OBJC_MSGSEND = YES;
				ENABLE_TESTABILITY = YES;
				GCC_C_LANGUAGE_STANDARD = gnu11;
				GCC_DYNAMIC_NO_PIC = NO;
				GCC_NO_COMMON_BLOCKS = YES;
				GCC_OPTIMIZATION_LEVEL = 0;
				GCC_PREPROCESSOR_DEFINITIONS = (
					"DEBUG=1",
					"$(inherited)",
				);
				GCC_WARN_64_TO_32_BIT_CONVERSION = YES;
				GCC_WARN_ABOUT_RETURN_TYPE = YES_ERROR;
				GCC_WARN_UNDECLARED_SELECTOR = YES;
				GCC_WARN_UNINITIALIZED_AUTOS = YES_AGGRESSIVE;
				GCC_WARN_UNUSED_FUNCTION = YES;
				GCC_WARN_UNUSED_VARIABLE = YES;
				IPHONEOS_DEPLOYMENT_TARGET = 15.4;
				MTL_ENABLE_DEBUG_INFO = INCLUDE_SOURCE;
				MTL_FAST_MATH = YES;
				ONLY_ACTIVE_ARCH = YES;
				SDKROOT = iphoneos;
				SWIFT_ACTIVE_COMPILATION_CONDITIONS = DEBUG;
				SWIFT_OPTIMIZATION_LEVEL = "-Onone";
			};
			name = Debug;
		};
		75E0372728001330001D4428 /* Release */ = {
			isa = XCBuildConfiguration;
			buildSettings = {
				ALWAYS_SEARCH_USER_PATHS = NO;
				CLANG_ANALYZER_NONNULL = YES;
				CLANG_ANALYZER_NUMBER_OBJECT_CONVERSION = YES_AGGRESSIVE;
				CLANG_CXX_LANGUAGE_STANDARD = "gnu++17";
				CLANG_ENABLE_MODULES = YES;
				CLANG_ENABLE_OBJC_ARC = YES;
				CLANG_ENABLE_OBJC_WEAK = YES;
				CLANG_WARN_BLOCK_CAPTURE_AUTORELEASING = YES;
				CLANG_WARN_BOOL_CONVERSION = YES;
				CLANG_WARN_COMMA = YES;
				CLANG_WARN_CONSTANT_CONVERSION = YES;
				CLANG_WARN_DEPRECATED_OBJC_IMPLEMENTATIONS = YES;
				CLANG_WARN_DIRECT_OBJC_ISA_USAGE = YES_ERROR;
				CLANG_WARN_DOCUMENTATION_COMMENTS = YES;
				CLANG_WARN_EMPTY_BODY = YES;
				CLANG_WARN_ENUM_CONVERSION = YES;
				CLANG_WARN_INFINITE_RECURSION = YES;
				CLANG_WARN_INT_CONVERSION = YES;
				CLANG_WARN_NON_LITERAL_NULL_CONVERSION = YES;
				CLANG_WARN_OBJC_IMPLICIT_RETAIN_SELF = YES;
				CLANG_WARN_OBJC_LITERAL_CONVERSION = YES;
				CLANG_WARN_OBJC_ROOT_CLASS = YES_ERROR;
				CLANG_WARN_QUOTED_INCLUDE_IN_FRAMEWORK_HEADER = YES;
				CLANG_WARN_RANGE_LOOP_ANALYSIS = YES;
				CLANG_WARN_STRICT_PROTOTYPES = YES;
				CLANG_WARN_SUSPICIOUS_MOVE = YES;
				CLANG_WARN_UNGUARDED_AVAILABILITY = YES_AGGRESSIVE;
				CLANG_WARN_UNREACHABLE_CODE = YES;
				CLANG_WARN__DUPLICATE_METHOD_MATCH = YES;
				COPY_PHASE_STRIP = NO;
				DEBUG_INFORMATION_FORMAT = "dwarf-with-dsym";
				ENABLE_NS_ASSERTIONS = NO;
				ENABLE_STRICT_OBJC_MSGSEND = YES;
				GCC_C_LANGUAGE_STANDARD = gnu11;
				GCC_NO_COMMON_BLOCKS = YES;
				GCC_WARN_64_TO_32_BIT_CONVERSION = YES;
				GCC_WARN_ABOUT_RETURN_TYPE = YES_ERROR;
				GCC_WARN_UNDECLARED_SELECTOR = YES;
				GCC_WARN_UNINITIALIZED_AUTOS = YES_AGGRESSIVE;
				GCC_WARN_UNUSED_FUNCTION = YES;
				GCC_WARN_UNUSED_VARIABLE = YES;
				IPHONEOS_DEPLOYMENT_TARGET = 15.4;
				MTL_ENABLE_DEBUG_INFO = NO;
				MTL_FAST_MATH = YES;
				SDKROOT = iphoneos;
				SWIFT_COMPILATION_MODE = wholemodule;
				SWIFT_OPTIMIZATION_LEVEL = "-O";
				VALIDATE_PRODUCT = YES;
			};
			name = Release;
		};
		75E0372928001330001D4428 /* Debug */ = {
			isa = XCBuildConfiguration;
			buildSettings = {
				ASSETCATALOG_COMPILER_APPICON_NAME = AppIcon;
				ASSETCATALOG_COMPILER_GLOBAL_ACCENT_COLOR_NAME = AccentColor;
				CODE_SIGN_STYLE = Automatic;
				CURRENT_PROJECT_VERSION = 1;
				DEVELOPMENT_ASSET_PATHS = "\"how about your waterfall/Preview Content\"";
				DEVELOPMENT_TEAM = 7N2TRX73U6;
				ENABLE_PREVIEWS = YES;
				GENERATE_INFOPLIST_FILE = YES;
				INFOPLIST_FILE = "how-about-your-waterfall-Info.plist";
				INFOPLIST_KEY_UIApplicationSceneManifest_Generation = YES;
				INFOPLIST_KEY_UIApplicationSupportsIndirectInputEvents = YES;
				INFOPLIST_KEY_UILaunchScreen_Generation = YES;
				INFOPLIST_KEY_UISupportedInterfaceOrientations_iPad = "UIInterfaceOrientationPortrait UIInterfaceOrientationPortraitUpsideDown UIInterfaceOrientationLandscapeLeft UIInterfaceOrientationLandscapeRight";
				INFOPLIST_KEY_UISupportedInterfaceOrientations_iPhone = "UIInterfaceOrientationPortrait UIInterfaceOrientationLandscapeLeft UIInterfaceOrientationLandscapeRight";
				LD_RUNPATH_SEARCH_PATHS = (
					"$(inherited)",
					"@executable_path/Frameworks",
				);
				MARKETING_VERSION = 1.0;
				PRODUCT_BUNDLE_IDENTIFIER = "com.calmkeen.how-about-your-waterfall";
				PRODUCT_NAME = "$(TARGET_NAME)";
				SWIFT_EMIT_LOC_STRINGS = YES;
				SWIFT_VERSION = 5.0;
				TARGETED_DEVICE_FAMILY = "1,2";
			};
			name = Debug;
		};
		75E0372A28001330001D4428 /* Release */ = {
			isa = XCBuildConfiguration;
			buildSettings = {
				ASSETCATALOG_COMPILER_APPICON_NAME = AppIcon;
				ASSETCATALOG_COMPILER_GLOBAL_ACCENT_COLOR_NAME = AccentColor;
				CODE_SIGN_STYLE = Automatic;
				CURRENT_PROJECT_VERSION = 1;
				DEVELOPMENT_ASSET_PATHS = "\"how about your waterfall/Preview Content\"";
				DEVELOPMENT_TEAM = 7N2TRX73U6;
				ENABLE_PREVIEWS = YES;
				GENERATE_INFOPLIST_FILE = YES;
				INFOPLIST_FILE = "how-about-your-waterfall-Info.plist";
				INFOPLIST_KEY_UIApplicationSceneManifest_Generation = YES;
				INFOPLIST_KEY_UIApplicationSupportsIndirectInputEvents = YES;
				INFOPLIST_KEY_UILaunchScreen_Generation = YES;
				INFOPLIST_KEY_UISupportedInterfaceOrientations_iPad = "UIInterfaceOrientationPortrait UIInterfaceOrientationPortraitUpsideDown UIInterfaceOrientationLandscapeLeft UIInterfaceOrientationLandscapeRight";
				INFOPLIST_KEY_UISupportedInterfaceOrientations_iPhone = "UIInterfaceOrientationPortrait UIInterfaceOrientationLandscapeLeft UIInterfaceOrientationLandscapeRight";
				LD_RUNPATH_SEARCH_PATHS = (
					"$(inherited)",
					"@executable_path/Frameworks",
				);
				MARKETING_VERSION = 1.0;
				PRODUCT_BUNDLE_IDENTIFIER = "com.calmkeen.how-about-your-waterfall";
				PRODUCT_NAME = "$(TARGET_NAME)";
				SWIFT_EMIT_LOC_STRINGS = YES;
				SWIFT_VERSION = 5.0;
				TARGETED_DEVICE_FAMILY = "1,2";
			};
			name = Release;
		};
/* End XCBuildConfiguration section */

/* Begin XCConfigurationList section */
		75E037152800132E001D4428 /* Build configuration list for PBXProject "how about your waterfall" */ = {
			isa = XCConfigurationList;
			buildConfigurations = (
				75E0372628001330001D4428 /* Debug */,
				75E0372728001330001D4428 /* Release */,
			);
			defaultConfigurationIsVisible = 0;
			defaultConfigurationName = Release;
		};
		75E0372828001330001D4428 /* Build configuration list for PBXNativeTarget "how about your waterfall" */ = {
			isa = XCConfigurationList;
			buildConfigurations = (
				75E0372928001330001D4428 /* Debug */,
				75E0372A28001330001D4428 /* Release */,
			);
			defaultConfigurationIsVisible = 0;
			defaultConfigurationName = Release;
		};
/* End XCConfigurationList section */
	};
	rootObject = 75E037122800132E001D4428 /* Project object */;
}
